lockfileVersion: '9.0'

settings:
  autoInstallPeers: true
  excludeLinksFromLockfile: false

importers:

  .:
    dependencies:
      react-share:
        specifier: ^5.2.2
        version: 5.2.2(react@19.2.0)
    devDependencies:
      '@types/react':
        specifier: ^19.2.7
        version: 19.2.7
      '@types/react-dom':
        specifier: ^19.2.3
        version: 19.2.3(@types/react@19.2.7)

packages:

  '@types/react-dom@19.2.3':
    resolution: {integrity: sha512-jp2L/eY6fn+KgVVQAOqYItbF0VY/YApe5Mz2F0aykSO8gx31bYCZyvSeYxCHKvzHG5eZjc+zyaS5BrBWya2+kQ==}
    peerDependencies:
      '@types/react': ^19.2.0

  '@types/react@19.2.7':
    resolution: {integrity: sha512-MWtvHrGZLFttgeEj28VXHxpmwYbor/ATPYbBfSFZEIRK0ecCFLl2Qo55z52Hss+UV9CRN7trSeq1zbgx7YDWWg==}

  classnames@2.5.1:
    resolution: {integrity: sha512-saHYOzhIQs6wy2sVxTM6bUDsQO4F50V9RQ22qBpEdCW+I+/Wmke2HOl6lS6dTpdxVhb88/I6+Hs+438c3lfUow==}

  csstype@3.2.3:
    resolution: {integrity: sha512-z1HGKcYy2xA8AGQfwrn0PAy+PB7X/GSj3UVJW9qKyn43xWa+gl5nXmU4qqLMRzWVLFC8KusUX8T/0kCiOYpAIQ==}

  debug@2.6.9:
    resolution: {integrity: sha512-bC7ElrdJaJnPbAP+1EotYvqZsb3ecl5wi6Bfi6BJTUcNowp6cvspg0jXznRTKDjm/E7AdgFBVeAPVMNcKGsHMA==}
    peerDependencies:
      supports-color: '*'
    peerDependenciesMeta:
      supports-color:
        optional: true

  jsonp@0.2.1:
    resolution: {integrity: sha512-pfog5gdDxPdV4eP7Kg87M8/bHgshlZ5pybl+yKxAnCZ5O7lCIn7Ixydj03wOlnDQesky2BPyA91SQ+5Y/mNwzw==}

  ms@2.0.0:
    resolution: {integrity: sha512-Tpp60P6IUJDTuOq/5Z8cdskzJujfwqfOTkrwIwj7IRISpnkJnT6SyJ4PCPnGMoFjC9ddhal5KVIYtAt97ix05A==}

  react-share@5.2.2:
    resolution: {integrity: sha512-z0nbOX6X6vHHWAvXduNkYeJUKTKNpKM5Xpmc5a2BxjJhUWl+sE7AsSEMmYEUj2DuDjZr5m7KFIGF0sQPKcUN6w==}
    peerDependencies:
      react: ^17 || ^18 || ^19

  react@19.2.0:
    resolution: {integrity: sha512-tmbWg6W31tQLeB5cdIBOicJDJRR2KzXsV7uSK9iNfLWQ5bIZfxuPEHp7M8wiHyHnn0DD1i7w3Zmin0FtkrwoCQ==}
    engines: {node: '>=0.10.0'}

snapshots:

  '@types/react-dom@19.2.3(@types/react@19.2.7)':
    dependencies:
      '@types/react': 19.2.7

  '@types/react@19.2.7':
    dependencies:
      csstype: 3.2.3

  classnames@2.5.1: {}

  csstype@3.2.3: {}

  debug@2.6.9:
    dependencies:
      ms: 2.0.0

  jsonp@0.2.1:
    dependencies:
      debug: 2.6.9
    transitivePeerDependencies:
      - supports-color

  ms@2.0.0: {}

  react-share@5.2.2(react@19.2.0):
    dependencies:
      classnames: 2.5.1
      jsonp: 0.2.1
      react: 19.2.0
    transitivePeerDependencies:
      - supports-color

  react@19.2.0: {}
